// !$*UTF8*$!
{
	archiveVersion = 1;
	classes = {
	};
	objectVersion = 46;
	objects = {

/* Begin PBXBuildFile section */
		183EE99E1C03FCC8007307E0 /* LoginSuccessViewController.m in Sources */ = {isa = PBXBuildFile; fileRef = 183EE99D1C03FCC8007307E0 /* LoginSuccessViewController.m */; };
		183EE9A11C03FF36007307E0 /* viewModel.m in Sources */ = {isa = PBXBuildFile; fileRef = 183EE9A01C03FF36007307E0 /* viewModel.m */; };
		183EE9A31C040590007307E0 /* libReactiveCocoa.a in Frameworks */ = {isa = PBXBuildFile; fileRef = 183EE9A21C040590007307E0 /* libReactiveCocoa.a */; };
		18B9529A1C0309E0001C82B3 /* main.m in Sources */ = {isa = PBXBuildFile; fileRef = 18B952991C0309E0001C82B3 /* main.m */; };
		18B9529D1C0309E0001C82B3 /* AppDelegate.m in Sources */ = {isa = PBXBuildFile; fileRef = 18B9529C1C0309E0001C82B3 /* AppDelegate.m */; };
		18B952A01C0309E0001C82B3 /* ViewController.m in Sources */ = {isa = PBXBuildFile; fileRef = 18B9529F1C0309E0001C82B3 /* ViewController.m */; };
		18B952A31C0309E0001C82B3 /* Main.storyboard in Resources */ = {isa = PBXBuildFile; fileRef = 18B952A11C0309E0001C82B3 /* Main.storyboard */; };
		18B952A61C0309E0001C82B3 /* ReactiveCocoaMVVMDemo.xcdatamodeld in Sources */ = {isa = PBXBuildFile; fileRef = 18B952A41C0309E0001C82B3 /* ReactiveCocoaMVVMDemo.xcdatamodeld */; };
		18B952A81C0309E0001C82B3 /* Assets.xcassets in Resources */ = {isa = PBXBuildFile; fileRef = 18B952A71C0309E0001C82B3 /* Assets.xcassets */; };
		18B952AB1C0309E0001C82B3 /* LaunchScreen.storyboard in Resources */ = {isa = PBXBuildFile; fileRef = 18B952A91C0309E0001C82B3 /* LaunchScreen.storyboard */; };
		18B952B61C0309E0001C82B3 /* ReactiveCocoaMVVMDemoTests.m in Sources */ = {isa = PBXBuildFile; fileRef = 18B952B51C0309E0001C82B3 /* ReactiveCocoaMVVMDemoTests.m */; };
		18B952C11C0309E0001C82B3 /* ReactiveCocoaMVVMDemoUITests.m in Sources */ = {isa = PBXBuildFile; fileRef = 18B952C01C0309E0001C82B3 /* ReactiveCocoaMVVMDemoUITests.m */; };
		C98FB63E6B90EEC8298FAD9B /* libPods.a in Frameworks */ = {isa = PBXBuildFile; fileRef = 6A3F011478DD8A3C42FAC580 /* libPods.a */; };
/* End PBXBuildFile section */

/* Begin PBXContainerItemProxy section */
		18B952B21C0309E0001C82B3 /* PBXContainerItemProxy */ = {
			isa = PBXContainerItemProxy;
			containerPortal = 18B9528D1C0309E0001C82B3 /* Project object */;
			proxyType = 1;
			remoteGlobalIDString = 18B952941C0309E0001C82B3;
			remoteInfo = ReactiveCocoaMVVMDemo;
		};
		18B952BD1C0309E0001C82B3 /* PBXContainerItemProxy */ = {
			isa = PBXContainerItemProxy;
			containerPortal = 18B9528D1C0309E0001C82B3 /* Project object */;
			proxyType = 1;
			remoteGlobalIDString = 18B952941C0309E0001C82B3;
			remoteInfo = ReactiveCocoaMVVMDemo;
		};
/* End PBXContainerItemProxy section */

/* Begin PBXFileReference section */
		183EE9961C03F893007307E0 /* PrefixHeader.pch */ = {isa = PBXFileReference; lastKnownFileType = sourcecode.c.h; path = PrefixHeader.pch; sourceTree = "<group>"; };
		183EE9971C03F8AA007307E0 /* Config.h */ = {isa = PBXFileReference; lastKnownFileType = sourcecode.c.h; path = Config.h; sourceTree = "<group>"; };
		183EE99C1C03FCC8007307E0 /* LoginSuccessViewController.h */ = {isa = PBXFileReference; fileEncoding = 4; lastKnownFileType = sourcecode.c.h; path = LoginSuccessViewController.h; sourceTree = "<group>"; };
		183EE99D1C03FCC8007307E0 /* LoginSuccessViewController.m */ = {isa = PBXFileReference; fileEncoding = 4; lastKnownFileType = sourcecode.c.objc; path = LoginSuccessViewController.m; sourceTree = "<group>"; };
		183EE99F1C03FF36007307E0 /* viewModel.h */ = {isa = PBXFileReference; fileEncoding = 4; lastKnownFileType = sourcecode.c.h; path = viewModel.h; sourceTree = "<group>"; };
		183EE9A01C03FF36007307E0 /* viewModel.m */ = {isa = PBXFileReference; fileEncoding = 4; lastKnownFileType = sourcecode.c.objc; path = viewModel.m; sourceTree = "<group>"; };
		183EE9A21C040590007307E0 /* libReactiveCocoa.a */ = {isa = PBXFileReference; lastKnownFileType = archive.ar; name = libReactiveCocoa.a; path = "Pods/../build/Debug-iphoneos/libReactiveCocoa.a"; sourceTree = "<group>"; };
		18B952951C0309E0001C82B3 /* ReactiveCocoaMVVMDemo.app */ = {isa = PBXFileReference; explicitFileType = wrapper.application; includeInIndex = 0; path = ReactiveCocoaMVVMDemo.app; sourceTree = BUILT_PRODUCTS_DIR; };
		18B952991C0309E0001C82B3 /* main.m */ = {isa = PBXFileReference; lastKnownFileType = sourcecode.c.objc; path = main.m; sourceTree = "<group>"; };
		18B9529B1C0309E0001C82B3 /* AppDelegate.h */ = {isa = PBXFileReference; lastKnownFileType = sourcecode.c.h; path = AppDelegate.h; sourceTree = "<group>"; };
		18B9529C1C0309E0001C82B3 /* AppDelegate.m */ = {isa = PBXFileReference; lastKnownFileType = sourcecode.c.objc; path = AppDelegate.m; sourceTree = "<group>"; };
		18B9529E1C0309E0001C82B3 /* ViewController.h */ = {isa = PBXFileReference; lastKnownFileType = sourcecode.c.h; path = ViewController.h; sourceTree = "<group>"; };
		18B9529F1C0309E0001C82B3 /* ViewController.m */ = {isa = PBXFileReference; lastKnownFileType = sourcecode.c.objc; path = ViewController.m; sourceTree = "<group>"; };
		18B952A21C0309E0001C82B3 /* Base */ = {isa = PBXFileReference; lastKnownFileType = file.storyboard; name = Base; path = Base.lproj/Main.storyboard; sourceTree = "<group>"; };
		18B952A51C0309E0001C82B3 /* ReactiveCocoaMVVMDemo.xcdatamodel */ = {isa = PBXFileReference; lastKnownFileType = wrapper.xcdatamodel; path = ReactiveCocoaMVVMDemo.xcdatamodel; sourceTree = "<group>"; };
		18B952A71C0309E0001C82B3 /* Assets.xcassets */ = {isa = PBXFileReference; lastKnownFileType = folder.assetcatalog; path = Assets.xcassets; sourceTree = "<group>"; };
		18B952AA1C0309E0001C82B3 /* Base */ = {isa = PBXFileReference; lastKnownFileType = file.storyboard; name = Base; path = Base.lproj/LaunchScreen.storyboard; sourceTree = "<group>"; };
		18B952AC1C0309E0001C82B3 /* Info.plist */ = {isa = PBXFileReference; lastKnownFileType = text.plist.xml; path = Info.plist; sourceTree = "<group>"; };
		18B952B11C0309E0001C82B3 /* ReactiveCocoaMVVMDemoTests.xctest */ = {isa = PBXFileReference; explicitFileType = wrapper.cfbundle; includeInIndex = 0; path = ReactiveCocoaMVVMDemoTests.xctest; sourceTree = BUILT_PRODUCTS_DIR; };
		18B952B51C0309E0001C82B3 /* ReactiveCocoaMVVMDemoTests.m */ = {isa = PBXFileReference; lastKnownFileType = sourcecode.c.objc; path = ReactiveCocoaMVVMDemoTests.m; sourceTree = "<group>"; };
		18B952B71C0309E0001C82B3 /* Info.plist */ = {isa = PBXFileReference; lastKnownFileType = text.plist.xml; path = Info.plist; sourceTree = "<group>"; };
		18B952BC1C0309E0001C82B3 /* ReactiveCocoaMVVMDemoUITests.xctest */ = {isa = PBXFileReference; explicitFileType = wrapper.cfbundle; includeInIndex = 0; path = ReactiveCocoaMVVMDemoUITests.xctest; sourceTree = BUILT_PRODUCTS_DIR; };
		18B952C01C0309E0001C82B3 /* ReactiveCocoaMVVMDemoUITests.m */ = {isa = PBXFileReference; lastKnownFileType = sourcecode.c.objc; path = ReactiveCocoaMVVMDemoUITests.m; sourceTree = "<group>"; };
		18B952C21C0309E0001C82B3 /* Info.plist */ = {isa = PBXFileReference; lastKnownFileType = text.plist.xml; path = Info.plist; sourceTree = "<group>"; };
		6A3F011478DD8A3C42FAC580 /* libPods.a */ = {isa = PBXFileReference; explicitFileType = archive.ar; includeInIndex = 0; path = libPods.a; sourceTree = BUILT_PRODUCTS_DIR; };
		903B89E968D52DCCC6D66CB9 /* Pods.release.xcconfig */ = {isa = PBXFileReference; includeInIndex = 1; lastKnownFileType = text.xcconfig; name = Pods.release.xcconfig; path = "Pods/Target Support Files/Pods/Pods.release.xcconfig"; sourceTree = "<group>"; };
		BF58F2F74DABD4FFF2F753D6 /* Pods.debug.xcconfig */ = {isa = PBXFileReference; includeInIndex = 1; lastKnownFileType = text.xcconfig; name = Pods.debug.xcconfig; path = "Pods/Target Support Files/Pods/Pods.debug.xcconfig"; sourceTree = "<group>"; };
/* End PBXFileReference section */

/* Begin PBXFrameworksBuildPhase section */
		18B952921C0309E0001C82B3 /* Frameworks */ = {
			isa = PBXFrameworksBuildPhase;
			buildActionMask = 2147483647;
			files = (
				183EE9A31C040590007307E0 /* libReactiveCocoa.a in Frameworks */,
				C98FB63E6B90EEC8298FAD9B /* libPods.a in Frameworks */,
			);
			runOnlyForDeploymentPostprocessing = 0;
		};
		18B952AE1C0309E0001C82B3 /* Frameworks */ = {
			isa = PBXFrameworksBuildPhase;
			buildActionMask = 2147483647;
			files = (
			);
			runOnlyForDeploymentPostprocessing = 0;
		};
		18B952B91C0309E0001C82B3 /* Frameworks */ = {
			isa = PBXFrameworksBuildPhase;
			buildActionMask = 2147483647;
			files = (
			);
			runOnlyForDeploymentPostprocessing = 0;
		};
/* End PBXFrameworksBuildPhase section */

/* Begin PBXGroup section */
		183EE9931C03F7F6007307E0 /* ViewController */ = {
			isa = PBXGroup;
			children = (
				18B9529E1C0309E0001C82B3 /* ViewController.h */,
				18B9529F1C0309E0001C82B3 /* ViewController.m */,
				183EE99C1C03FCC8007307E0 /* LoginSuccessViewController.h */,
				183EE99D1C03FCC8007307E0 /* LoginSuccessViewController.m */,
			);
			name = ViewController;
			sourceTree = "<group>";
		};
		183EE9941C03F80B007307E0 /* ViewModel */ = {
			isa = PBXGroup;
			children = (
				183EE99F1C03FF36007307E0 /* viewModel.h */,
				183EE9A01C03FF36007307E0 /* viewModel.m */,
			);
			name = ViewModel;
			sourceTree = "<group>";
		};
		183EE9951C03F813007307E0 /* Config */ = {
			isa = PBXGroup;
			children = (
				183EE9961C03F893007307E0 /* PrefixHeader.pch */,
				183EE9971C03F8AA007307E0 /* Config.h */,
			);
			name = Config;
			sourceTree = "<group>";
		};
		183EE9981C03F8E4007307E0 /* Other */ = {
			isa = PBXGroup;
			children = (
				18B952A11C0309E0001C82B3 /* Main.storyboard */,
				18B952A71C0309E0001C82B3 /* Assets.xcassets */,
				18B952A91C0309E0001C82B3 /* LaunchScreen.storyboard */,
				18B952AC1C0309E0001C82B3 /* Info.plist */,
				18B952A41C0309E0001C82B3 /* ReactiveCocoaMVVMDemo.xcdatamodeld */,
			);
			name = Other;
			sourceTree = "<group>";
		};
		183EE9991C03F8EE007307E0 /* Delegate */ = {
			isa = PBXGroup;
			children = (
				18B9529B1C0309E0001C82B3 /* AppDelegate.h */,
				18B9529C1C0309E0001C82B3 /* AppDelegate.m */,
			);
			name = Delegate;
			sourceTree = "<group>";
		};
		18B9528C1C0309E0001C82B3 = {
			isa = PBXGroup;
			children = (
				18B952971C0309E0001C82B3 /* ReactiveCocoaMVVMDemo */,
				18B952B41C0309E0001C82B3 /* ReactiveCocoaMVVMDemoTests */,
				18B952BF1C0309E0001C82B3 /* ReactiveCocoaMVVMDemoUITests */,
				18B952961C0309E0001C82B3 /* Products */,
				B48E7992A18AFA8CBB68E127 /* Pods */,
				E0EB984095C0F96D66370B28 /* Frameworks */,
			);
			sourceTree = "<group>";
		};
		18B952961C0309E0001C82B3 /* Products */ = {
			isa = PBXGroup;
			children = (
				18B952951C0309E0001C82B3 /* ReactiveCocoaMVVMDemo.app */,
				18B952B11C0309E0001C82B3 /* ReactiveCocoaMVVMDemoTests.xctest */,
				18B952BC1C0309E0001C82B3 /* ReactiveCocoaMVVMDemoUITests.xctest */,
			);
			name = Products;
			sourceTree = "<group>";
		};
		18B952971C0309E0001C82B3 /* ReactiveCocoaMVVMDemo */ = {
			isa = PBXGroup;
			children = (
				183EE9931C03F7F6007307E0 /* ViewController */,
				183EE9941C03F80B007307E0 /* ViewModel */,
				183EE9991C03F8EE007307E0 /* Delegate */,
				183EE9951C03F813007307E0 /* Config */,
				183EE9981C03F8E4007307E0 /* Other */,
				18B952981C0309E0001C82B3 /* Supporting Files */,
			);
			path = ReactiveCocoaMVVMDemo;
			sourceTree = "<group>";
		};
		18B952981C0309E0001C82B3 /* Supporting Files */ = {
			isa = PBXGroup;
			children = (
				18B952991C0309E0001C82B3 /* main.m */,
			);
			name = "Supporting Files";
			sourceTree = "<group>";
		};
		18B952B41C0309E0001C82B3 /* ReactiveCocoaMVVMDemoTests */ = {
			isa = PBXGroup;
			children = (
				18B952B51C0309E0001C82B3 /* ReactiveCocoaMVVMDemoTests.m */,
				18B952B71C0309E0001C82B3 /* Info.plist */,
			);
			path = ReactiveCocoaMVVMDemoTests;
			sourceTree = "<group>";
		};
		18B952BF1C0309E0001C82B3 /* ReactiveCocoaMVVMDemoUITests */ = {
			isa = PBXGroup;
			children = (
				18B952C01C0309E0001C82B3 /* ReactiveCocoaMVVMDemoUITests.m */,
				18B952C21C0309E0001C82B3 /* Info.plist */,
			);
			path = ReactiveCocoaMVVMDemoUITests;
			sourceTree = "<group>";
		};
		B48E7992A18AFA8CBB68E127 /* Pods */ = {
			isa = PBXGroup;
			children = (
				BF58F2F74DABD4FFF2F753D6 /* Pods.debug.xcconfig */,
				903B89E968D52DCCC6D66CB9 /* Pods.release.xcconfig */,
			);
			name = Pods;
			sourceTree = "<group>";
		};
		E0EB984095C0F96D66370B28 /* Frameworks */ = {
			isa = PBXGroup;
			children = (
				183EE9A21C040590007307E0 /* libReactiveCocoa.a */,
				6A3F011478DD8A3C42FAC580 /* libPods.a */,
			);
			name = Frameworks;
			sourceTree = "<group>";
		};
/* End PBXGroup section */

/* Begin PBXNativeTarget section */
		18B952941C0309E0001C82B3 /* ReactiveCocoaMVVMDemo */ = {
			isa = PBXNativeTarget;
			buildConfigurationList = 18B952C51C0309E0001C82B3 /* Build configuration list for PBXNativeTarget "ReactiveCocoaMVVMDemo" */;
			buildPhases = (
				4410C63C9F96081A2F7EA412 /* Check Pods Manifest.lock */,
				18B952911C0309E0001C82B3 /* Sources */,
				18B952921C0309E0001C82B3 /* Frameworks */,
				18B952931C0309E0001C82B3 /* Resources */,
				E3BA8358D2E0F994C1FCE430 /* Embed Pods Frameworks */,
				D71063E67D3EDCC691533616 /* Copy Pods Resources */,
			);
			buildRules = (
			);
			dependencies = (
			);
			name = ReactiveCocoaMVVMDemo;
			productName = ReactiveCocoaMVVMDemo;
			productReference = 18B952951C0309E0001C82B3 /* ReactiveCocoaMVVMDemo.app */;
			productType = "com.apple.product-type.application";
		};
		18B952B01C0309E0001C82B3 /* ReactiveCocoaMVVMDemoTests */ = {
			isa = PBXNativeTarget;
			buildConfigurationList = 18B952C81C0309E0001C82B3 /* Build configuration list for PBXNativeTarget "ReactiveCocoaMVVMDemoTests" */;
			buildPhases = (
				18B952AD1C0309E0001C82B3 /* Sources */,
				18B952AE1C0309E0001C82B3 /* Frameworks */,
				18B952AF1C0309E0001C82B3 /* Resources */,
			);
			buildRules = (
			);
			dependencies = (
				18B952B31C0309E0001C82B3 /* PBXTargetDependency */,
			);
			name = ReactiveCocoaMVVMDemoTests;
			productName = ReactiveCocoaMVVMDemoTests;
			productReference = 18B952B11C0309E0001C82B3 /* ReactiveCocoaMVVMDemoTests.xctest */;
			productType = "com.apple.product-type.bundle.unit-test";
		};
		18B952BB1C0309E0001C82B3 /* ReactiveCocoaMVVMDemoUITests */ = {
			isa = PBXNativeTarget;
			buildConfigurationList = 18B952CB1C0309E0001C82B3 /* Build configuration list for PBXNativeTarget "ReactiveCocoaMVVMDemoUITests" */;
			buildPhases = (
				18B952B81C0309E0001C82B3 /* Sources */,
				18B952B91C0309E0001C82B3 /* Frameworks */,
				18B952BA1C0309E0001C82B3 /* Resources */,
			);
			buildRules = (
			);
			dependencies = (
				18B952BE1C0309E0001C82B3 /* PBXTargetDependency */,
			);
			name = ReactiveCocoaMVVMDemoUITests;
			productName = ReactiveCocoaMVVMDemoUITests;
			productReference = 18B952BC1C0309E0001C82B3 /* ReactiveCocoaMVVMDemoUITests.xctest */;
			productType = "com.apple.product-type.bundle.ui-testing";
		};
/* End PBXNativeTarget section */

/* Begin PBXProject section */
		18B9528D1C0309E0001C82B3 /* Project object */ = {
			isa = PBXProject;
			attributes = {
				LastUpgradeCheck = 0710;
				ORGANIZATIONNAME = Apple;
				TargetAttributes = {
					18B952941C0309E0001C82B3 = {
						CreatedOnToolsVersion = 7.1.1;
					};
					18B952B01C0309E0001C82B3 = {
						CreatedOnToolsVersion = 7.1.1;
						TestTargetID = 18B952941C0309E0001C82B3;
					};
					18B952BB1C0309E0001C82B3 = {
						CreatedOnToolsVersion = 7.1.1;
						TestTargetID = 18B952941C0309E0001C82B3;
					};
				};
			};
			buildConfigurationList = 18B952901C0309E0001C82B3 /* Build configuration list for PBXProject "ReactiveCocoaMVVMDemo" */;
			compatibilityVersion = "Xcode 3.2";
			developmentRegion = English;
			hasScannedForEncodings = 0;
			knownRegions = (
				en,
				Base,
			);
			mainGroup = 18B9528C1C0309E0001C82B3;
			productRefGroup = 18B952961C0309E0001C82B3 /* Products */;
			projectDirPath = "";
			projectRoot = "";
			targets = (
				18B952941C0309E0001C82B3 /* ReactiveCocoaMVVMDemo */,
				18B952B01C0309E0001C82B3 /* ReactiveCocoaMVVMDemoTests */,
				18B952BB1C0309E0001C82B3 /* ReactiveCocoaMVVMDemoUITests */,
			);
		};
/* End PBXProject section */

/* Begin PBXResourcesBuildPhase section */
		18B952931C0309E0001C82B3 /* Resources */ = {
			isa = PBXResourcesBuildPhase;
			buildActionMask = 2147483647;
			files = (
				18B952AB1C0309E0001C82B3 /* LaunchScreen.storyboard in Resources */,
				18B952A81C0309E0001C82B3 /* Assets.xcassets in Resources */,
				18B952A31C0309E0001C82B3 /* Main.storyboard in Resources */,
			);
			runOnlyForDeploymentPostprocessing = 0;
		};
		18B952AF1C0309E0001C82B3 /* Resources */ = {
			isa = PBXResourcesBuildPhase;
			buildActionMask = 2147483647;
			files = (
			);
			runOnlyForDeploymentPostprocessing = 0;
		};
		18B952BA1C0309E0001C82B3 /* Resources */ = {
			isa = PBXResourcesBuildPhase;
			buildActionMask = 2147483647;
			files = (
			);
			runOnlyForDeploymentPostprocessing = 0;
		};
/* End PBXResourcesBuildPhase section */

/* Begin PBXShellScriptBuildPhase section */
		4410C63C9F96081A2F7EA412 /* Check Pods Manifest.lock */ = {
			isa = PBXShellScriptBuildPhase;
			buildActionMask = 2147483647;
			files = (
			);
			inputPaths = (
			);
			name = "Check Pods Manifest.lock";
			outputPaths = (
			);
			runOnlyForDeploymentPostprocessing = 0;
			shellPath = /bin/sh;
			shellScript = "diff \"${PODS_ROOT}/../Podfile.lock\" \"${PODS_ROOT}/Manifest.lock\" > /dev/null\nif [[ $? != 0 ]] ; then\n    cat << EOM\nerror: The sandbox is not in sync with the Podfile.lock. Run 'pod install' or update your CocoaPods installation.\nEOM\n    exit 1\nfi\n";
			showEnvVarsInLog = 0;
		};
		D71063E67D3EDCC691533616 /* Copy Pods Resources */ = {
			isa = PBXShellScriptBuildPhase;
			buildActionMask = 2147483647;
			files = (
			);
			inputPaths = (
			);
			name = "Copy Pods Resources";
			outputPaths = (
			);
			runOnlyForDeploymentPostprocessing = 0;
			shellPath = /bin/sh;
			shellScript = "\"${SRCROOT}/Pods/Target Support Files/Pods/Pods-resources.sh\"\n";
			showEnvVarsInLog = 0;
		};
		E3BA8358D2E0F994C1FCE430 /* Embed Pods Frameworks */ = {
			isa = PBXShellScriptBuildPhase;
			buildActionMask = 2147483647;
			files = (
			);
			inputPaths = (
			);
			name = "Embed Pods Frameworks";
			outputPaths = (
			);
			runOnlyForDeploymentPostprocessing = 0;
			shellPath = /bin/sh;
			shellScript = "\"${SRCROOT}/Pods/Target Support Files/Pods/Pods-frameworks.sh\"\n";
			showEnvVarsInLog = 0;
		};
/* End PBXShellScriptBuildPhase section */

/* Begin PBXSourcesBuildPhase section */
		18B952911C0309E0001C82B3 /* Sources */ = {
			isa = PBXSourcesBuildPhase;
			buildActionMask = 2147483647;
			files = (
				18B952A01C0309E0001C82B3 /* ViewController.m in Sources */,
				18B952A61C0309E0001C82B3 /* ReactiveCocoaMVVMDemo.xcdatamodeld in Sources */,
				183EE99E1C03FCC8007307E0 /* LoginSuccessViewController.m in Sources */,
				18B9529D1C0309E0001C82B3 /* AppDelegate.m in Sources */,
				183EE9A11C03FF36007307E0 /* viewModel.m in Sources */,
				18B9529A1C0309E0001C82B3 /* main.m in Sources */,
			);
			runOnlyForDeploymentPostprocessing = 0;
		};
		18B952AD1C0309E0001C82B3 /* Sources */ = {
			isa = PBXSourcesBuildPhase;
			buildActionMask = 2147483647;
			files = (
				18B952B61C0309E0001C82B3 /* ReactiveCocoaMVVMDemoTests.m in Sources */,
			);
			runOnlyForDeploymentPostprocessing = 0;
		};
		18B952B81C0309E0001C82B3 /* Sources */ = {
			isa = PBXSourcesBuildPhase;
			buildActionMask = 2147483647;
			files = (
				18B952C11C0309E0001C82B3 /* ReactiveCocoaMVVMDemoUITests.m in Sources */,
			);
			runOnlyForDeploymentPostprocessing = 0;
		};
/* End PBXSourcesBuildPhase section */

/* Begin PBXTargetDependency section */
		18B952B31C0309E0001C82B3 /* PBXTargetDependency */ = {
			isa = PBXTargetDependency;
			target = 18B952941C0309E0001C82B3 /* ReactiveCocoaMVVMDemo */;
			targetProxy = 18B952B21C0309E0001C82B3 /* PBXContainerItemProxy */;
		};
		18B952BE1C0309E0001C82B3 /* PBXTargetDependency */ = {
			isa = PBXTargetDependency;
			target = 18B952941C0309E0001C82B3 /* ReactiveCocoaMVVMDemo */;
			targetProxy = 18B952BD1C0309E0001C82B3 /* PBXContainerItemProxy */;
		};
/* End PBXTargetDependency section */

/* Begin PBXVariantGroup section */
		18B952A11C0309E0001C82B3 /* Main.storyboard */ = {
			isa = PBXVariantGroup;
			children = (
				18B952A21C0309E0001C82B3 /* Base */,
			);
			name = Main.storyboard;
			sourceTree = "<group>";
		};
		18B952A91C0309E0001C82B3 /* LaunchScreen.storyboard */ = {
			isa = PBXVariantGroup;
			children = (
				18B952AA1C0309E0001C82B3 /* Base */,
			);
			name = LaunchScreen.storyboard;
			sourceTree = "<group>";
		};
/* End PBXVariantGroup section */

/* Begin XCBuildConfiguration section */
		18B952C31C0309E0001C82B3 /* Debug */ = {
			isa = XCBuildConfiguration;
			buildSettings = {
				ALWAYS_SEARCH_USER_PATHS = NO;
				CLANG_CXX_LANGUAGE_STANDARD = "gnu++0x";
				CLANG_CXX_LIBRARY = "libc++";
				CLANG_ENABLE_MODULES = YES;
				CLANG_ENABLE_OBJC_ARC = YES;
				CLANG_WARN_BOOL_CONVERSION = YES;
				CLANG_WARN_CONSTANT_CONVERSION = YES;
				CLANG_WARN_DIRECT_OBJC_ISA_USAGE = YES_ERROR;
				CLANG_WARN_EMPTY_BODY = YES;
				CLANG_WARN_ENUM_CONVERSION = YES;
				CLANG_WARN_INT_CONVERSION = YES;
				CLANG_WARN_OBJC_ROOT_CLASS = YES_ERROR;
				CLANG_WARN_UNREACHABLE_CODE = YES;
				CLANG_WARN__DUPLICATE_METHOD_MATCH = YES;
				"CODE_SIGN_IDENTITY[sdk=iphoneos*]" = "iPhone Developer";
				COPY_PHASE_STRIP = NO;
				DEBUG_INFORMATION_FORMAT = dwarf;
				ENABLE_STRICT_OBJC_MSGSEND = YES;
				ENABLE_TESTABILITY = YES;
				GCC_C_LANGUAGE_STANDARD = gnu99;
				GCC_DYNAMIC_NO_PIC = NO;
				GCC_NO_COMMON_BLOCKS = YES;
				GCC_OPTIMIZATION_LEVEL = 0;
				GCC_PREPROCESSOR_DEFINITIONS = (
					"DEBUG=1",
					"$(inherited)",
				);
				GCC_WARN_64_TO_32_BIT_CONVERSION = YES;
				GCC_WARN_ABOUT_RETURN_TYPE = YES_ERROR;
				GCC_WARN_UNDECLARED_SELECTOR = YES;
				GCC_WARN_UNINITIALIZED_AUTOS = YES_AGGRESSIVE;
				GCC_WARN_UNUSED_FUNCTION = YES;
				GCC_WARN_UNUSED_VARIABLE = YES;
				IPHONEOS_DEPLOYMENT_TARGET = 9.1;
				MTL_ENABLE_DEBUG_INFO = YES;
				ONLY_ACTIVE_ARCH = YES;
				SDKROOT = iphoneos;
			};
			name = Debug;
		};
		18B952C41C0309E0001C82B3 /* Release */ = {
			isa = XCBuildConfiguration;
			buildSettings = {
				ALWAYS_SEARCH_USER_PATHS = NO;
				CLANG_CXX_LANGUAGE_STANDARD = "gnu++0x";
				CLANG_CXX_LIBRARY = "libc++";
				CLANG_ENABLE_MODULES = YES;
				CLANG_ENABLE_OBJC_ARC = YES;
				CLANG_WARN_BOOL_CONVERSION = YES;
				CLANG_WARN_CONSTANT_CONVERSION = YES;
				CLANG_WARN_DIRECT_OBJC_ISA_USAGE = YES_ERROR;
				CLANG_WARN_EMPTY_BODY = YES;
				CLANG_WARN_ENUM_CONVERSION = YES;
				CLANG_WARN_INT_CONVERSION = YES;
				CLANG_WARN_OBJC_ROOT_CLASS = YES_ERROR;
				CLANG_WARN_UNREACHABLE_CODE = YES;
				CLANG_WARN__DUPLICATE_METHOD_MATCH = YES;
				"CODE_SIGN_IDENTITY[sdk=iphoneos*]" = "iPhone Developer";
				COPY_PHASE_STRIP = NO;
				DEBUG_INFORMATION_FORMAT = "dwarf-with-dsym";
				ENABLE_NS_ASSERTIONS = NO;
				ENABLE_STRICT_OBJC_MSGSEND = YES;
				GCC_C_LANGUAGE_STANDARD = gnu99;
				GCC_NO_COMMON_BLOCKS = YES;
				GCC_WARN_64_TO_32_BIT_CONVERSION = YES;
				GCC_WARN_ABOUT_RETURN_TYPE = YES_ERROR;
				GCC_WARN_UNDECLARED_SELECTOR = YES;
				GCC_WARN_UNINITIALIZED_AUTOS = YES_AGGRESSIVE;
				GCC_WARN_UNUSED_FUNCTION = YES;
				GCC_WARN_UNUSED_VARIABLE = YES;
				IPHONEOS_DEPLOYMENT_TARGET = 9.1;
				MTL_ENABLE_DEBUG_INFO = NO;
				SDKROOT = iphoneos;
				VALIDATE_PRODUCT = YES;
			};
			name = Release;
		};
		18B952C61C0309E0001C82B3 /* Debug */ = {
			isa = XCBuildConfiguration;
			baseConfigurationReference = BF58F2F74DABD4FFF2F753D6 /* Pods.debug.xcconfig */;
			buildSettings = {
				ASSETCATALOG_COMPILER_APPICON_NAME = AppIcon;
				INFOPLIST_FILE = ReactiveCocoaMVVMDemo/Info.plist;
				LD_RUNPATH_SEARCH_PATHS = "$(inherited) @executable_path/Frameworks";
				LIBRARY_SEARCH_PATHS = (
					"$(inherited)",
					"$(PROJECT_DIR)/build/Debug-iphoneos",
				);
				PRODUCT_BUNDLE_IDENTIFIER = com.HP.ReactiveCocoaMVVMDemo;
				PRODUCT_NAME = "$(TARGET_NAME)";
			};
			name = Debug;
		};
		18B952C71C0309E0001C82B3 /* Release */ = {
			isa = XCBuildConfiguration;
			baseConfigurationReference = 903B89E968D52DCCC6D66CB9 /* Pods.release.xcconfig */;
			buildSettings = {
				ASSETCATALOG_COMPILER_APPICON_NAME = AppIcon;
				INFOPLIST_FILE = ReactiveCocoaMVVMDemo/Info.plist;
				LD_RUNPATH_SEARCH_PATHS = "$(inherited) @executable_path/Frameworks";
				LIBRARY_SEARCH_PATHS = (
					"$(inherited)",
					"$(PROJECT_DIR)/build/Debug-iphoneos",
				);
				PRODUCT_BUNDLE_IDENTIFIER = com.HP.ReactiveCocoaMVVMDemo;
				PRODUCT_NAME = "$(TARGET_NAME)";
			};
			name = Release;
		};
		18B952C91C0309E0001C82B3 /* Debug */ = {
			isa = XCBuildConfiguration;
			buildSettings = {
				BUNDLE_LOADER = "$(TEST_HOST)";
				INFOPLIST_FILE = ReactiveCocoaMVVMDemoTests/Info.plist;
				LD_RUNPATH_SEARCH_PATHS = "$(inherited) @executable_path/Frameworks @loader_path/Frameworks";
				PRODUCT_BUNDLE_IDENTIFIER = com.HP.ReactiveCocoaMVVMDemoTests;
				PRODUCT_NAME = "$(TARGET_NAME)";
				TEST_HOST = "$(BUILT_PRODUCTS_DIR)/ReactiveCocoaMVVMDemo.app/ReactiveCocoaMVVMDemo";
			};
			name = Debug;
		};
		18B952CA1C0309E0001C82B3 /* Release */ = {
			isa = XCBuildConfiguration;
			buildSettings = {
				BUNDLE_LOADER = "$(TEST_HOST)";
				INFOPLIST_FILE = ReactiveCocoaMVVMDemoTests/Info.plist;
				LD_RUNPATH_SEARCH_PATHS = "$(inherited) @executable_path/Frameworks @loader_path/Frameworks";
				PRODUCT_BUNDLE_IDENTIFIER = com.HP.ReactiveCocoaMVVMDemoTests;
				PRODUCT_NAME = "$(TARGET_NAME)";
				TEST_HOST = "$(BUILT_PRODUCTS_DIR)/ReactiveCocoaMVVMDemo.app/ReactiveCocoaMVVMDemo";
			};
			name = Release;
		};
		18B952CC1C0309E0001C82B3 /* Debug */ = {
			isa = XCBuildConfiguration;
			buildSettings = {
				INFOPLIST_FILE = ReactiveCocoaMVVMDemoUITests/Info.plist;
				LD_RUNPATH_SEARCH_PATHS = "$(inherited) @executable_path/Frameworks @loader_path/Frameworks";
				PRODUCT_BUNDLE_IDENTIFIER = com.HP.ReactiveCocoaMVVMDemoUITests;
				PRODUCT_NAME = "$(TARGET_NAME)";
				TEST_TARGET_NAME = ReactiveCocoaMVVMDemo;
				USES_XCTRUNNER = YES;
			};
			name = Debug;
		};
		18B952CD1C0309E0001C82B3 /* Release */ = {
			isa = XCBuildConfiguration;
			buildSettings = {
				INFOPLIST_FILE = ReactiveCocoaMVVMDemoUITests/Info.plist;
				LD_RUNPATH_SEARCH_PATHS = "$(inherited) @executable_path/Frameworks @loader_path/Frameworks";
				PRODUCT_BUNDLE_IDENTIFIER = com.HP.ReactiveCocoaMVVMDemoUITests;
				PRODUCT_NAME = "$(TARGET_NAME)";
				TEST_TARGET_NAME = ReactiveCocoaMVVMDemo;
				USES_XCTRUNNER = YES;
			};
			name = Release;
		};
/* End XCBuildConfiguration section */

/* Begin XCConfigurationList section */
		18B952901C0309E0001C82B3 /* Build configuration list for PBXProject "ReactiveCocoaMVVMDemo" */ = {
			isa = XCConfigurationList;
			buildConfigurations = (
				18B952C31C0309E0001C82B3 /* Debug */,
				18B952C41C0309E0001C82B3 /* Release */,
			);
			defaultConfigurationIsVisible = 0;
			defaultConfigurationName = Release;
		};
		18B952C51C0309E0001C82B3 /* Build configuration list for PBXNativeTarget "ReactiveCocoaMVVMDemo" */ = {
			isa = XCConfigurationList;
			buildConfigurations = (
				18B952C61C0309E0001C82B3 /* Debug */,
				18B952C71C0309E0001C82B3 /* Release */,
			);
			defaultConfigurationIsVisible = 0;
			defaultConfigurationName = Release;
		};
		18B952C81C0309E0001C82B3 /* Build configuration list for PBXNativeTarget "ReactiveCocoaMVVMDemoTests" */ = {
			isa = XCConfigurationList;
			buildConfigurations = (
				18B952C91C0309E0001C82B3 /* Debug */,
				18B952CA1C0309E0001C82B3 /* Release */,
			);
			defaultConfigurationIsVisible = 0;
			defaultConfigurationName = Release;
		};
		18B952CB1C0309E0001C82B3 /* Build configuration list for PBXNativeTarget "ReactiveCocoaMVVMDemoUITests" */ = {
			isa = XCConfigurationList;
			buildConfigurations = (
				18B952CC1C0309E0001C82B3 /* Debug */,
				18B952CD1C0309E0001C82B3 /* Release */,
			);
			defaultConfigurationIsVisible = 0;
			defaultConfigurationName = Release;
		};
/* End XCConfigurationList section */

/* Begin XCVersionGroup section */
		18B952A41C0309E0001C82B3 /* ReactiveCocoaMVVMDemo.xcdatamodeld */ = {
			isa = XCVersionGroup;
			children = (
				18B952A51C0309E0001C82B3 /* ReactiveCocoaMVVMDemo.xcdatamodel */,
			);
			currentVersion = 18B952A51C0309E0001C82B3 /* ReactiveCocoaMVVMDemo.xcdatamodel */;
			path = ReactiveCocoaMVVMDemo.xcdatamodeld;
			sourceTree = "<group>";
			versionGroupType = wrapper.xcdatamodel;
		};
/* End XCVersionGroup section */
	};
	rootObject = 18B9528D1C0309E0001C82B3 /* Project object */;
}
